
Microsoft Visual Studio Solution File, Format Version 12.00
# Visual Studio 15
VisualStudioVersion = 15.0.26124.0
MinimumVisualStudioVersion = 15.0.26124.0
Project("{F2A71F9B-5D33-465A-A702-920D77279786}") = "interpc", "interpc.fsproj", "{D28AA336-D79D-4B3F-BD10-FB8242716010}"
EndProject
Project("{F2A71F9B-5D33-465A-A702-920D77279786}") = "microc", "microc.fsproj", "{386DD820-810C-4BD1-B439-C7C74124F5C1}"
EndProject
Project("{F2A71F9B-5D33-465A-A702-920D77279786}") = "microcc", "microcc.fsproj", "{EABD4A70-F383-4C01-88B5-39BB6A863144}"
EndProject
Project("{FAE04EC0-301F-11D3-BF4B-00C04F79EFBC}") = "machine", "machine.csproj", "{327E4E32-D0BD-47C0-92E0-14B64ECF640D}"
EndProject
Global
	GlobalSection(SolutionConfigurationPlatforms) = preSolution
		Debug|Any CPU = Debug|Any CPU
		Debug|x64 = Debug|x64
		Debug|x86 = Debug|x86
		Release|Any CPU = Release|Any CPU
		Release|x64 = Release|x64
		Release|x86 = Release|x86
	EndGlobalSection
	GlobalSection(SolutionProperties) = preSolution
		HideSolutionNode = FALSE
	EndGlobalSection
	GlobalSection(ProjectConfigurationPlatforms) = postSolution
		{D28AA336-D79D-4B3F-BD10-FB8242716010}.Debug|Any CPU.ActiveCfg = Debug|Any CPU
		{D28AA336-D79D-4B3F-BD10-FB8242716010}.Debug|Any CPU.Build.0 = Debug|Any CPU
		{D28AA336-D79D-4B3F-BD10-FB8242716010}.Debug|x64.ActiveCfg = Debug|Any CPU
		{D28AA336-D79D-4B3F-BD10-FB8242716010}.Debug|x64.Build.0 = Debug|Any CPU
		{D28AA336-D79D-4B3F-BD10-FB8242716010}.Debug|x86.ActiveCfg = Debug|Any CPU
		{D28AA336-D79D-4B3F-BD10-FB8242716010}.Debug|x86.Build.0 = Debug|Any CPU
		{D28AA336-D79D-4B3F-BD10-FB8242716010}.Release|Any CPU.ActiveCfg = Release|Any CPU
		{D28AA336-D79D-4B3F-BD10-FB8242716010}.Release|Any CPU.Build.0 = Release|Any CPU
		{D28AA336-D79D-4B3F-BD10-FB8242716010}.Release|x64.ActiveCfg = Release|Any CPU
		{D28AA336-D79D-4B3F-BD10-FB8242716010}.Release|x64.Build.0 = Release|Any CPU
		{D28AA336-D79D-4B3F-BD10-FB8242716010}.Release|x86.ActiveCfg = Release|Any CPU
		{D28AA336-D79D-4B3F-BD10-FB8242716010}.Release|x86.Build.0 = Release|Any CPU
		{386DD820-810C-4BD1-B439-C7C74124F5C1}.Debug|Any CPU.ActiveCfg = Debug|Any CPU
		{386DD820-810C-4BD1-B439-C7C74124F5C1}.Debug|Any CPU.Build.0 = Debug|Any CPU
		{386DD820-810C-4BD1-B439-C7C74124F5C1}.Debug|x64.ActiveCfg = Debug|Any CPU
		{386DD820-810C-4BD1-B439-C7C74124F5C1}.Debug|x64.Build.0 = Debug|Any CPU
		{386DD820-810C-4BD1-B439-C7C74124F5C1}.Debug|x86.ActiveCfg = Debug|Any CPU
		{386DD820-810C-4BD1-B439-C7C74124F5C1}.Debug|x86.Build.0 = Debug|Any CPU
		{386DD820-810C-4BD1-B439-C7C74124F5C1}.Release|Any CPU.ActiveCfg = Release|Any CPU
		{386DD820-810C-4BD1-B439-C7C74124F5C1}.Release|Any CPU.Build.0 = Release|Any CPU
		{386DD820-810C-4BD1-B439-C7C74124F5C1}.Release|x64.ActiveCfg = Release|Any CPU
		{386DD820-810C-4BD1-B439-C7C74124F5C1}.Release|x64.Build.0 = Release|Any CPU
		{386DD820-810C-4BD1-B439-C7C74124F5C1}.Release|x86.ActiveCfg = Release|Any CPU
		{386DD820-810C-4BD1-B439-C7C74124F5C1}.Release|x86.Build.0 = Release|Any CPU
		{EABD4A70-F383-4C01-88B5-39BB6A863144}.Debug|Any CPU.ActiveCfg = Debug|Any CPU
		{EABD4A70-F383-4C01-88B5-39BB6A863144}.Debug|Any CPU.Build.0 = Debug|Any CPU
		{EABD4A70-F383-4C01-88B5-39BB6A863144}.Debug|x64.ActiveCfg = Debug|Any CPU
		{EABD4A70-F383-4C01-88B5-39BB6A863144}.Debug|x64.Build.0 = Debug|Any CPU
		{EABD4A70-F383-4C01-88B5-39BB6A863144}.Debug|x86.ActiveCfg = Debug|Any CPU
		{EABD4A70-F383-4C01-88B5-39BB6A863144}.Debug|x86.Build.0 = Debug|Any CPU
		{EABD4A70-F383-4C01-88B5-39BB6A863144}.Release|Any CPU.ActiveCfg = Release|Any CPU
		{EABD4A70-F383-4C01-88B5-39BB6A863144}.Release|Any CPU.Build.0 = Release|Any CPU
		{EABD4A70-F383-4C01-88B5-39BB6A863144}.Release|x64.ActiveCfg = Release|Any CPU
		{EABD4A70-F383-4C01-88B5-39BB6A863144}.Release|x64.Build.0 = Release|Any CPU
		{EABD4A70-F383-4C01-88B5-39BB6A863144}.Release|x86.ActiveCfg = Release|Any CPU
		{EABD4A70-F383-4C01-88B5-39BB6A863144}.Release|x86.Build.0 = Release|Any CPU
		{327E4E32-D0BD-47C0-92E0-14B64ECF640D}.Debug|Any CPU.ActiveCfg = Debug|Any CPU
		{327E4E32-D0BD-47C0-92E0-14B64ECF640D}.Debug|Any CPU.Build.0 = Debug|Any CPU
		{327E4E32-D0BD-47C0-92E0-14B64ECF640D}.Debug|x64.ActiveCfg = Debug|Any CPU
		{327E4E32-D0BD-47C0-92E0-14B64ECF640D}.Debug|x64.Build.0 = Debug|Any CPU
		{327E4E32-D0BD-47C0-92E0-14B64ECF640D}.Debug|x86.ActiveCfg = Debug|Any CPU
		{327E4E32-D0BD-47C0-92E0-14B64ECF640D}.Debug|x86.Build.0 = Debug|Any CPU
		{327E4E32-D0BD-47C0-92E0-14B64ECF640D}.Release|Any CPU.ActiveCfg = Release|Any CPU
		{327E4E32-D0BD-47C0-92E0-14B64ECF640D}.Release|Any CPU.Build.0 = Release|Any CPU
		{327E4E32-D0BD-47C0-92E0-14B64ECF640D}.Release|x64.ActiveCfg = Release|Any CPU
		{327E4E32-D0BD-47C0-92E0-14B64ECF640D}.Release|x64.Build.0 = Release|Any CPU
		{327E4E32-D0BD-47C0-92E0-14B64ECF640D}.Release|x86.ActiveCfg = Release|Any CPU
		{327E4E32-D0BD-47C0-92E0-14B64ECF640D}.Release|x86.Build.0 = Release|Any CPU
	EndGlobalSection
EndGlobal
